{\n  \"name\": \"zenmotion\",\n  \"version\": \"2.05.25\",\n  \"lockfileVersion\": 3,\n  \"requires\": true,\n  \"packages\": {\n    \"\": {\n      \"name\": \"zenmotion\",\n      \"version\": \"2.05.25\",\n      \"license\": \"MIT\",\n      \"devDependencies\": {\n        \"canvas\": \"^2.11.0\",\n        \"sharp\": \"^0.32.1\"\n      }\n    },\n    \"node_modules/@mapbox/node-pre-gyp\": {\n      \"version\": \"1.0.11\",\n      \"resolved\": \"https://registry.npmjs.org/@mapbox/node-pre-gyp/-/node-pre-gyp-1.0.11.tgz\",\n      \"integrity\": \"sha512-Yhlar6v9WQgUp/He7BdgzOz8lqMQ8sU+jkCq7Wx8Myc5YFJLbEe7lgui/V7G1qB1DJykHSGwreceSaD60Y0PUQ==\",\n      \"dev\": true,\n      \"license\": \"BSD-3-Clause\",\n      \"dependencies\": {\n        \"detect-libc\": \"^2.0.0\",\n        \"https-proxy-agent\": \"^5.0.0\",\n        \"make-dir\": \"^3.1.0\",\n        \"node-fetch\": \"^2.6.7\",\n        \"nopt\": \"^5.0.0\",\n        \"npmlog\": \"^5.0.1\",\n        \"rimraf\": \"^3.0.2\",\n        \"semver\": \"^7.3.5\",\n        \"tar\": \"^6.1.11\"\n      },\n      \"bin\": {\n        \"node-pre-gyp\": \"bin/node-pre-gyp\"\n      }\n    }\n  }\n}